// !$*UTF8*$!
{
	archiveVersion = 1;
	classes = {
	};
	objectVersion = 46;
	objects = {

/* Begin PBXBuildFile section */
		1D22218C1C98A25500FE0512 /* AppDelegate.swift in Sources */ = {isa = PBXBuildFile; fileRef = 1D22218B1C98A25500FE0512 /* AppDelegate.swift */; };
		1D22218E1C98A25500FE0512 /* ViewControllers.swift in Sources */ = {isa = PBXBuildFile; fileRef = 1D22218D1C98A25500FE0512 /* ViewControllers.swift */; };
		1D2221911C98A25500FE0512 /* Main.storyboard in Resources */ = {isa = PBXBuildFile; fileRef = 1D22218F1C98A25500FE0512 /* Main.storyboard */; };
		1D2221931C98A25500FE0512 /* Assets.xcassets in Resources */ = {isa = PBXBuildFile; fileRef = 1D2221921C98A25500FE0512 /* Assets.xcassets */; };
		1D2221961C98A25500FE0512 /* LaunchScreen.storyboard in Resources */ = {isa = PBXBuildFile; fileRef = 1D2221941C98A25500FE0512 /* LaunchScreen.storyboard */; };
		1D22219E1C98A27000FE0512 /* Script in Resources */ = {isa = PBXBuildFile; fileRef = 1D22219D1C98A27000FE0512 /* Script */; };
		1D2221A21C98AE4200FE0512 /* Util.swift in Sources */ = {isa = PBXBuildFile; fileRef = 1D2221A11C98AE4200FE0512 /* Util.swift */; };
/* End PBXBuildFile section */

/* Begin PBXFileReference section */
		1D2221881C98A25500FE0512 /* WebmontagDemo.app */ = {isa = PBXFileReference; explicitFileType = wrapper.application; includeInIndex = 0; path = WebmontagDemo.app; sourceTree = BUILT_PRODUCTS_DIR; };
		1D22218B1C98A25500FE0512 /* AppDelegate.swift */ = {isa = PBXFileReference; lastKnownFileType = sourcecode.swift; path = AppDelegate.swift; sourceTree = "<group>"; };
		1D22218D1C98A25500FE0512 /* ViewControllers.swift */ = {isa = PBXFileReference; lastKnownFileType = sourcecode.swift; path = ViewControllers.swift; sourceTree = "<group>"; };
		1D2221901C98A25500FE0512 /* Base */ = {isa = PBXFileReference; lastKnownFileType = file.storyboard; name = Base; path = Base.lproj/Main.storyboard; sourceTree = "<group>"; };
		1D2221921C98A25500FE0512 /* Assets.xcassets */ = {isa = PBXFileReference; lastKnownFileType = folder.assetcatalog; path = Assets.xcassets; sourceTree = "<group>"; };
		1D2221951C98A25500FE0512 /* Base */ = {isa = PBXFileReference; lastKnownFileType = file.storyboard; name = Base; path = Base.lproj/LaunchScreen.storyboard; sourceTree = "<group>"; };
		1D2221971C98A25500FE0512 /* Info.plist */ = {isa = PBXFileReference; lastKnownFileType = text.plist.xml; path = Info.plist; sourceTree = "<group>"; };
		1D22219D1C98A27000FE0512 /* Script */ = {isa = PBXFileReference; fileEncoding = 4; lastKnownFileType = text; path = Script; sourceTree = "<group>"; };
		1D2221A11C98AE4200FE0512 /* Util.swift */ = {isa = PBXFileReference; fileEncoding = 4; lastKnownFileType = sourcecode.swift; path = Util.swift; sourceTree = "<group>"; };
/* End PBXFileReference section */

/* Begin PBXFrameworksBuildPhase section */
		1D2221851C98A25500FE0512 /* Frameworks */ = {
			isa = PBXFrameworksBuildPhase;
			buildActionMask = 2147483647;
			files = (
			);
			runOnlyForDeploymentPostprocessing = 0;
		};
/* End PBXFrameworksBuildPhase section */

/* Begin PBXGroup section */
		1D22217F1C98A25500FE0512 = {
			isa = PBXGroup;
			children = (
				1D22219D1C98A27000FE0512 /* Script */,
				1D22218A1C98A25500FE0512 /* WebmontagDemo */,
				1D2221891C98A25500FE0512 /* Products */,
			);
			sourceTree = "<group>";
		};
		1D2221891C98A25500FE0512 /* Products */ = {
			isa = PBXGroup;
			children = (
				1D2221881C98A25500FE0512 /* WebmontagDemo.app */,
			);
			name = Products;
			sourceTree = "<group>";
		};
		1D22218A1C98A25500FE0512 /* WebmontagDemo */ = {
			isa = PBXGroup;
			children = (
				1D22218B1C98A25500FE0512 /* AppDelegate.swift */,
				1D22218D1C98A25500FE0512 /* ViewControllers.swift */,
				1D22218F1C98A25500FE0512 /* Main.storyboard */,
				1D2221921C98A25500FE0512 /* Assets.xcassets */,
				1D2221941C98A25500FE0512 /* LaunchScreen.storyboard */,
				1D2221971C98A25500FE0512 /* Info.plist */,
				1D2221A11C98AE4200FE0512 /* Util.swift */,
			);
			path = WebmontagDemo;
			sourceTree = "<group>";
		};
/* End PBXGroup section */

/* Begin PBXNativeTarget section */
		1D2221871C98A25500FE0512 /* WebmontagDemo */ = {
			isa = PBXNativeTarget;
			buildConfigurationList = 1D22219A1C98A25500FE0512 /* Build configuration list for PBXNativeTarget "WebmontagDemo" */;
			buildPhases = (
				1D2221841C98A25500FE0512 /* Sources */,
				1D2221851C98A25500FE0512 /* Frameworks */,
				1D2221861C98A25500FE0512 /* Resources */,
			);
			buildRules = (
			);
			dependencies = (
			);
			name = WebmontagDemo;
			productName = WebmontagDemo;
			productReference = 1D2221881C98A25500FE0512 /* WebmontagDemo.app */;
			productType = "com.apple.product-type.application";
		};
/* End PBXNativeTarget section */

/* Begin PBXProject section */
		1D2221801C98A25500FE0512 /* Project object */ = {
			isa = PBXProject;
			attributes = {
				LastSwiftUpdateCheck = 0720;
				LastUpgradeCheck = 0720;
				ORGANIZATIONNAME = "Patrick Busch";
				TargetAttributes = {
					1D2221871C98A25500FE0512 = {
						CreatedOnToolsVersion = 7.2;
					};
				};
			};
			buildConfigurationList = 1D2221831C98A25500FE0512 /* Build configuration list for PBXProject "WebmontagDemo" */;
			compatibilityVersion = "Xcode 3.2";
			developmentRegion = English;
			hasScannedForEncodings = 0;
			knownRegions = (
				en,
				Base,
			);
			mainGroup = 1D22217F1C98A25500FE0512;
			productRefGroup = 1D2221891C98A25500FE0512 /* Products */;
			projectDirPath = "";
			projectRoot = "";
			targets = (
				1D2221871C98A25500FE0512 /* WebmontagDemo */,
			);
		};
/* End PBXProject section */

/* Begin PBXResourcesBuildPhase section */
		1D2221861C98A25500FE0512 /* Resources */ = {
			isa = PBXResourcesBuildPhase;
			buildActionMask = 2147483647;
			files = (
				1D2221961C98A25500FE0512 /* LaunchScreen.storyboard in Resources */,
				1D2221931C98A25500FE0512 /* Assets.xcassets in Resources */,
				1D2221911C98A25500FE0512 /* Main.storyboard in Resources */,
				1D22219E1C98A27000FE0512 /* Script in Resources */,
			);
			runOnlyForDeploymentPostprocessing = 0;
		};
/* End PBXResourcesBuildPhase section */

/* Begin PBXSourcesBuildPhase section */
		1D2221841C98A25500FE0512 /* Sources */ = {
			isa = PBXSourcesBuildPhase;
			buildActionMask = 2147483647;
			files = (
				1D22218E1C98A25500FE0512 /* ViewControllers.swift in Sources */,
				1D2221A21C98AE4200FE0512 /* Util.swift in Sources */,
				1D22218C1C98A25500FE0512 /* AppDelegate.swift in Sources */,
			);
			runOnlyForDeploymentPostprocessing = 0;
		};
/* End PBXSourcesBuildPhase section */

/* Begin PBXVariantGroup section */
		1D22218F1C98A25500FE0512 /* Main.storyboard */ = {
			isa = PBXVariantGroup;
			children = (
				1D2221901C98A25500FE0512 /* Base */,
			);
			name = Main.storyboard;
			sourceTree = "<group>";
		};
		1D2221941C98A25500FE0512 /* LaunchScreen.storyboard */ = {
			isa = PBXVariantGroup;
			children = (
				1D2221951C98A25500FE0512 /* Base */,
			);
			name = LaunchScreen.storyboard;
			sourceTree = "<group>";
		};
/* End PBXVariantGroup section */

/* Begin XCBuildConfiguration section */
		1D2221981C98A25500FE0512 /* Debug */ = {
			isa = XCBuildConfiguration;
			buildSettings = {
				ALWAYS_SEARCH_USER_PATHS = NO;
				CLANG_CXX_LANGUAGE_STANDARD = "gnu++0x";
				CLANG_CXX_LIBRARY = "libc++";
				CLANG_ENABLE_MODULES = YES;
				CLANG_ENABLE_OBJC_ARC = YES;
				CLANG_WARN_BOOL_CONVERSION = YES;
				CLANG_WARN_CONSTANT_CONVERSION = YES;
				CLANG_WARN_DIRECT_OBJC_ISA_USAGE = YES_ERROR;
				CLANG_WARN_EMPTY_BODY = YES;
				CLANG_WARN_ENUM_CONVERSION = YES;
				CLANG_WARN_INT_CONVERSION = YES;
				CLANG_WARN_OBJC_ROOT_CLASS = YES_ERROR;
				CLANG_WARN_UNREACHABLE_CODE = YES;
				CLANG_WARN__DUPLICATE_METHOD_MATCH = YES;
				"CODE_SIGN_IDENTITY[sdk=iphoneos*]" = "iPhone Developer";
				COPY_PHASE_STRIP = NO;
				DEBUG_INFORMATION_FORMAT = dwarf;
				ENABLE_STRICT_OBJC_MSGSEND = YES;
				ENABLE_TESTABILITY = YES;
				GCC_C_LANGUAGE_STANDARD = gnu99;
				GCC_DYNAMIC_NO_PIC = NO;
				GCC_NO_COMMON_BLOCKS = YES;
				GCC_OPTIMIZATION_LEVEL = 0;
				GCC_PREPROCESSOR_DEFINITIONS = (
					"DEBUG=1",
					"$(inherited)",
				);
				GCC_WARN_64_TO_32_BIT_CONVERSION = YES;
				GCC_WARN_ABOUT_RETURN_TYPE = YES_ERROR;
				GCC_WARN_UNDECLARED_SELECTOR = YES;
				GCC_WARN_UNINITIALIZED_AUTOS = YES_AGGRESSIVE;
				GCC_WARN_UNUSED_FUNCTION = YES;
				GCC_WARN_UNUSED_VARIABLE = YES;
				IPHONEOS_DEPLOYMENT_TARGET = 9.2;
				MTL_ENABLE_DEBUG_INFO = YES;
				ONLY_ACTIVE_ARCH = YES;
				SDKROOT = iphoneos;
				SWIFT_OPTIMIZATION_LEVEL = "-Onone";
			};
			name = Debug;
		};
		1D2221991C98A25500FE0512 /* Release */ = {
			isa = XCBuildConfiguration;
			buildSettings = {
				ALWAYS_SEARCH_USER_PATHS = NO;
				CLANG_CXX_LANGUAGE_STANDARD = "gnu++0x";
				CLANG_CXX_LIBRARY = "libc++";
				CLANG_ENABLE_MODULES = YES;
				CLANG_ENABLE_OBJC_ARC = YES;
				CLANG_WARN_BOOL_CONVERSION = YES;
				CLANG_WARN_CONSTANT_CONVERSION = YES;
				CLANG_WARN_DIRECT_OBJC_ISA_USAGE = YES_ERROR;
				CLANG_WARN_EMPTY_BODY = YES;
				CLANG_WARN_ENUM_CONVERSION = YES;
				CLANG_WARN_INT_CONVERSION = YES;
				CLANG_WARN_OBJC_ROOT_CLASS = YES_ERROR;
				CLANG_WARN_UNREACHABLE_CODE = YES;
				CLANG_WARN__DUPLICATE_METHOD_MATCH = YES;
				"CODE_SIGN_IDENTITY[sdk=iphoneos*]" = "iPhone Developer";
				COPY_PHASE_STRIP = NO;
				DEBUG_INFORMATION_FORMAT = "dwarf-with-dsym";
				ENABLE_NS_ASSERTIONS = NO;
				ENABLE_STRICT_OBJC_MSGSEND = YES;
				GCC_C_LANGUAGE_STANDARD = gnu99;
				GCC_NO_COMMON_BLOCKS = YES;
				GCC_WARN_64_TO_32_BIT_CONVERSION = YES;
				GCC_WARN_ABOUT_RETURN_TYPE = YES_ERROR;
				GCC_WARN_UNDECLARED_SELECTOR = YES;
				GCC_WARN_UNINITIALIZED_AUTOS = YES_AGGRESSIVE;
				GCC_WARN_UNUSED_FUNCTION = YES;
				GCC_WARN_UNUSED_VARIABLE = YES;
				IPHONEOS_DEPLOYMENT_TARGET = 9.2;
				MTL_ENABLE_DEBUG_INFO = NO;
				SDKROOT = iphoneos;
				VALIDATE_PRODUCT = YES;
			};
			name = Release;
		};
		1D22219B1C98A25500FE0512 /* Debug */ = {
			isa = XCBuildConfiguration;
			buildSettings = {
				ASSETCATALOG_COMPILER_APPICON_NAME = AppIcon;
				INFOPLIST_FILE = WebmontagDemo/Info.plist;
				LD_RUNPATH_SEARCH_PATHS = "$(inherited) @executable_path/Frameworks";
				PRODUCT_BUNDLE_IDENTIFIER = de.trickbusch.WebmontagDemo;
				PRODUCT_NAME = "$(TARGET_NAME)";
			};
			name = Debug;
		};
		1D22219C1C98A25500FE0512 /* Release */ = {
			isa = XCBuildConfiguration;
			buildSettings = {
				ASSETCATALOG_COMPILER_APPICON_NAME = AppIcon;
				INFOPLIST_FILE = WebmontagDemo/Info.plist;
				LD_RUNPATH_SEARCH_PATHS = "$(inherited) @executable_path/Frameworks";
				PRODUCT_BUNDLE_IDENTIFIER = de.trickbusch.WebmontagDemo;
				PRODUCT_NAME = "$(TARGET_NAME)";
			};
			name = Release;
		};
/* End XCBuildConfiguration section */

/* Begin XCConfigurationList section */
		1D2221831C98A25500FE0512 /* Build configuration list for PBXProject "WebmontagDemo" */ = {
			isa = XCConfigurationList;
			buildConfigurations = (
				1D2221981C98A25500FE0512 /* Debug */,
				1D2221991C98A25500FE0512 /* Release */,
			);
			defaultConfigurationIsVisible = 0;
			defaultConfigurationName = Release;
		};
		1D22219A1C98A25500FE0512 /* Build configuration list for PBXNativeTarget "WebmontagDemo" */ = {
			isa = XCConfigurationList;
			buildConfigurations = (
				1D22219B1C98A25500FE0512 /* Debug */,
				1D22219C1C98A25500FE0512 /* Release */,
			);
			defaultConfigurationIsVisible = 0;
		};
/* End XCConfigurationList section */
	};
	rootObject = 1D2221801C98A25500FE0512 /* Project object */;
}
